
Microsoft Visual Studio Solution File, Format Version 12.00
# Visual Studio Version 17
VisualStudioVersion = 17.13.35617.110 d17.13
MinimumVisualStudioVersion = 10.0.40219.1
Project("{FAE04EC0-301F-11D3-BF4B-00C04F79EFBC}") = "Malash-Airlines", "Malash-Airlines\Malash-Airlines.csproj", "{D6BB00AF-060B-4827-903A-187CE5E8CD17}"
EndProject
Global
	GlobalSection(SolutionConfigurationPlatforms) = preSolution
		Debug|Any CPU = Debug|Any CPU
		Release|Any CPU = Release|Any CPU
	EndGlobalSection
	GlobalSection(ProjectConfigurationPlatforms) = postSolution
		{D6BB00AF-060B-4827-903A-187CE5E8CD17}.Debug|Any CPU.ActiveCfg = Debug|Any CPU
		{D6BB00AF-060B-4827-903A-187CE5E8CD17}.Debug|Any CPU.Build.0 = Debug|Any CPU
		{D6BB00AF-060B-4827-903A-187CE5E8CD17}.Release|Any CPU.ActiveCfg = Release|Any CPU
		{D6BB00AF-060B-4827-903A-187CE5E8CD17}.Release|Any CPU.Build.0 = Release|Any CPU
	EndGlobalSection
	GlobalSection(SolutionProperties) = preSolution
		HideSolutionNode = FALSE
	EndGlobalSection
	GlobalSection(ExtensibilityGlobals) = postSolution
		SolutionGuid = {D948D84A-38F8-44EC-A484-A0B860C93F45}
	EndGlobalSection
EndGlobal
